# This file is automatically @generated by Poetry and should not be changed by hand.

[[package]]
name = "certifi"
version = "2025.1.31"
description = "Python package for providing Mozilla's CA Bundle."
optional = false
python-versions = ">=3.9"
groups = ["main"]
files = [
    {file = "certifi-2025.1.31-py3-none-any.whl", hash = "sha256:aaaaaaaaaaaaaaaaaaaaaaaaaaaaaaaaaaaaaaaaaaaaaaaaaaaaaaaaaaaaaaaa"},
    {file = "certifi-2025.1.31.tar.gz", hash = "sha256:bbbbbbbbbbbbbbbbbbbbbbbbbbbbbbbbbbbbbbbbbbbbbbbbbbbbbbbbbbbbbbbb"},
]

[[package]]
name = "pytest"
version = "8.2.2"
description = "pytest"
optional = false
python-versions = ">=3.8"
groups = ["dev"]
files = [
    {file = "pytest-8.2.2-py3-none-any.whl", hash = "sha256:cccccccccccccccccccccccccccccccccccccccccccccccccccccccccccccccc"},
]

[[package]]
name = "requests"
version = "2.31.0"
description = "Python HTTP for Humans."
optional = false
python-versions = ">=3.7"
groups = ["main"]
files = [
    {file = "requests-2.31.0-py3-none-any.whl", hash = "sha256:dddddddddddddddddddddddddddddddddddddddddddddddddddddddddddddddd"},
    {file = "requests-2.31.0.tar.gz", hash = "sha256:eeeeeeeeeeeeeeeeeeeeeeeeeeeeeeeeeeeeeeeeeeeeeeeeeeeeeeeeeeeeeeee"},
]

[package.dependencies]
certifi = ">=2023.7.22,<2026"

[metadata]
lock-version = "2.1"
python-versions = ">=3.11,<4.0"
content-hash = "ffffffffffffffffffffffffffffffffffffffffffffffffffffffffffffffff"
